// !$*UTF8*$!
{
	archiveVersion = 1;
	classes = {
	};
	objectVersion = 46;
	objects = {

/* Begin PBXBuildFile section */
		6ECAA67E1E7DE51A00106525 /* main.cpp in Sources */ = {isa = PBXBuildFile; fileRef = 6ECAA67D1E7DE51A00106525 /* main.cpp */; };
		6ECAA6861E7DE54500106525 /* dinstring.cpp in Sources */ = {isa = PBXBuildFile; fileRef = 6ECAA6841E7DE54500106525 /* dinstring.cpp */; };
		6ECAA6891E7DE56500106525 /* desktopApp.cpp in Sources */ = {isa = PBXBuildFile; fileRef = 6ECAA6871E7DE56500106525 /* desktopApp.cpp */; };
		6ECAA68C1E7DE58700106525 /* computer.cpp in Sources */ = {isa = PBXBuildFile; fileRef = 6ECAA68A1E7DE58700106525 /* computer.cpp */; };
		6ECAA68F1E7DE5A300106525 /* application.cpp in Sources */ = {isa = PBXBuildFile; fileRef = 6ECAA68D1E7DE5A300106525 /* application.cpp */; };
		6ECAA6921E7DE5C800106525 /* androidApp.cpp in Sources */ = {isa = PBXBuildFile; fileRef = 6ECAA6901E7DE5C800106525 /* androidApp.cpp */; };
/* End PBXBuildFile section */

/* Begin PBXCopyFilesBuildPhase section */
		6ECAA6781E7DE51A00106525 /* CopyFiles */ = {
			isa = PBXCopyFilesBuildPhase;
			buildActionMask = 2147483647;
			dstPath = /usr/share/man/man1/;
			dstSubfolderSpec = 0;
			files = (
			);
			runOnlyForDeploymentPostprocessing = 1;
		};
/* End PBXCopyFilesBuildPhase section */

/* Begin PBXFileReference section */
		6ECAA67A1E7DE51A00106525 /* Zadatak19Cas5 */ = {isa = PBXFileReference; explicitFileType = "compiled.mach-o.executable"; includeInIndex = 0; path = Zadatak19Cas5; sourceTree = BUILT_PRODUCTS_DIR; };
		6ECAA67D1E7DE51A00106525 /* main.cpp */ = {isa = PBXFileReference; lastKnownFileType = sourcecode.cpp.cpp; path = main.cpp; sourceTree = "<group>"; };
		6ECAA6841E7DE54500106525 /* dinstring.cpp */ = {isa = PBXFileReference; fileEncoding = 4; lastKnownFileType = sourcecode.cpp.cpp; path = dinstring.cpp; sourceTree = "<group>"; };
		6ECAA6851E7DE54500106525 /* dinstring.hpp */ = {isa = PBXFileReference; fileEncoding = 4; lastKnownFileType = sourcecode.cpp.h; path = dinstring.hpp; sourceTree = "<group>"; };
		6ECAA6871E7DE56500106525 /* desktopApp.cpp */ = {isa = PBXFileReference; fileEncoding = 4; lastKnownFileType = sourcecode.cpp.cpp; path = desktopApp.cpp; sourceTree = "<group>"; };
		6ECAA6881E7DE56500106525 /* desktopApp.hpp */ = {isa = PBXFileReference; fileEncoding = 4; lastKnownFileType = sourcecode.cpp.h; path = desktopApp.hpp; sourceTree = "<group>"; };
		6ECAA68A1E7DE58700106525 /* computer.cpp */ = {isa = PBXFileReference; fileEncoding = 4; lastKnownFileType = sourcecode.cpp.cpp; path = computer.cpp; sourceTree = "<group>"; };
		6ECAA68B1E7DE58700106525 /* computer.hpp */ = {isa = PBXFileReference; fileEncoding = 4; lastKnownFileType = sourcecode.cpp.h; path = computer.hpp; sourceTree = "<group>"; };
		6ECAA68D1E7DE5A300106525 /* application.cpp */ = {isa = PBXFileReference; fileEncoding = 4; lastKnownFileType = sourcecode.cpp.cpp; path = application.cpp; sourceTree = "<group>"; };
		6ECAA68E1E7DE5A300106525 /* application.hpp */ = {isa = PBXFileReference; fileEncoding = 4; lastKnownFileType = sourcecode.cpp.h; path = application.hpp; sourceTree = "<group>"; };
		6ECAA6901E7DE5C800106525 /* androidApp.cpp */ = {isa = PBXFileReference; fileEncoding = 4; lastKnownFileType = sourcecode.cpp.cpp; path = androidApp.cpp; sourceTree = "<group>"; };
		6ECAA6911E7DE5C800106525 /* androidApp.hpp */ = {isa = PBXFileReference; fileEncoding = 4; lastKnownFileType = sourcecode.cpp.h; path = androidApp.hpp; sourceTree = "<group>"; };
/* End PBXFileReference section */

/* Begin PBXFrameworksBuildPhase section */
		6ECAA6771E7DE51A00106525 /* Frameworks */ = {
			isa = PBXFrameworksBuildPhase;
			buildActionMask = 2147483647;
			files = (
			);
			runOnlyForDeploymentPostprocessing = 0;
		};
/* End PBXFrameworksBuildPhase section */

/* Begin PBXGroup section */
		6ECAA6711E7DE51A00106525 = {
			isa = PBXGroup;
			children = (
				6ECAA67C1E7DE51A00106525 /* Zadatak19Cas5 */,
				6ECAA67B1E7DE51A00106525 /* Products */,
			);
			sourceTree = "<group>";
		};
		6ECAA67B1E7DE51A00106525 /* Products */ = {
			isa = PBXGroup;
			children = (
				6ECAA67A1E7DE51A00106525 /* Zadatak19Cas5 */,
			);
			name = Products;
			sourceTree = "<group>";
		};
		6ECAA67C1E7DE51A00106525 /* Zadatak19Cas5 */ = {
			isa = PBXGroup;
			children = (
				6ECAA6851E7DE54500106525 /* dinstring.hpp */,
				6ECAA6841E7DE54500106525 /* dinstring.cpp */,
				6ECAA68E1E7DE5A300106525 /* application.hpp */,
				6ECAA68D1E7DE5A300106525 /* application.cpp */,
				6ECAA6911E7DE5C800106525 /* androidApp.hpp */,
				6ECAA6901E7DE5C800106525 /* androidApp.cpp */,
				6ECAA68B1E7DE58700106525 /* computer.hpp */,
				6ECAA68A1E7DE58700106525 /* computer.cpp */,
				6ECAA6881E7DE56500106525 /* desktopApp.hpp */,
				6ECAA6871E7DE56500106525 /* desktopApp.cpp */,
				6ECAA67D1E7DE51A00106525 /* main.cpp */,
			);
			path = Zadatak19Cas5;
			sourceTree = "<group>";
		};
/* End PBXGroup section */

/* Begin PBXNativeTarget section */
		6ECAA6791E7DE51A00106525 /* Zadatak19Cas5 */ = {
			isa = PBXNativeTarget;
			buildConfigurationList = 6ECAA6811E7DE51A00106525 /* Build configuration list for PBXNativeTarget "Zadatak19Cas5" */;
			buildPhases = (
				6ECAA6761E7DE51A00106525 /* Sources */,
				6ECAA6771E7DE51A00106525 /* Frameworks */,
				6ECAA6781E7DE51A00106525 /* CopyFiles */,
			);
			buildRules = (
			);
			dependencies = (
			);
			name = Zadatak19Cas5;
			productName = Zadatak19Cas5;
			productReference = 6ECAA67A1E7DE51A00106525 /* Zadatak19Cas5 */;
			productType = "com.apple.product-type.tool";
		};
/* End PBXNativeTarget section */

/* Begin PBXProject section */
		6ECAA6721E7DE51A00106525 /* Project object */ = {
			isa = PBXProject;
			attributes = {
				LastUpgradeCheck = 0820;
				ORGANIZATIONNAME = "Milovan Tomasevic";
				TargetAttributes = {
					6ECAA6791E7DE51A00106525 = {
						CreatedOnToolsVersion = 8.2.1;
						DevelopmentTeam = T3577A6TEY;
						ProvisioningStyle = Automatic;
					};
				};
			};
			buildConfigurationList = 6ECAA6751E7DE51A00106525 /* Build configuration list for PBXProject "Zadatak19Cas5" */;
			compatibilityVersion = "Xcode 3.2";
			developmentRegion = English;
			hasScannedForEncodings = 0;
			knownRegions = (
				en,
			);
			mainGroup = 6ECAA6711E7DE51A00106525;
			productRefGroup = 6ECAA67B1E7DE51A00106525 /* Products */;
			projectDirPath = "";
			projectRoot = "";
			targets = (
				6ECAA6791E7DE51A00106525 /* Zadatak19Cas5 */,
			);
		};
/* End PBXProject section */

/* Begin PBXSourcesBuildPhase section */
		6ECAA6761E7DE51A00106525 /* Sources */ = {
			isa = PBXSourcesBuildPhase;
			buildActionMask = 2147483647;
			files = (
				6ECAA68F1E7DE5A300106525 /* application.cpp in Sources */,
				6ECAA6921E7DE5C800106525 /* androidApp.cpp in Sources */,
				6ECAA68C1E7DE58700106525 /* computer.cpp in Sources */,
				6ECAA6861E7DE54500106525 /* dinstring.cpp in Sources */,
				6ECAA6891E7DE56500106525 /* desktopApp.cpp in Sources */,
				6ECAA67E1E7DE51A00106525 /* main.cpp in Sources */,
			);
			runOnlyForDeploymentPostprocessing = 0;
		};
/* End PBXSourcesBuildPhase section */

/* Begin XCBuildConfiguration section */
		6ECAA67F1E7DE51A00106525 /* Debug */ = {
			isa = XCBuildConfiguration;
			buildSettings = {
				ALWAYS_SEARCH_USER_PATHS = NO;
				CLANG_ANALYZER_NONNULL = YES;
				CLANG_CXX_LANGUAGE_STANDARD = "gnu++0x";
				CLANG_CXX_LIBRARY = "libc++";
				CLANG_ENABLE_MODULES = YES;
				CLANG_ENABLE_OBJC_ARC = YES;
				CLANG_WARN_BOOL_CONVERSION = YES;
				CLANG_WARN_CONSTANT_CONVERSION = YES;
				CLANG_WARN_DIRECT_OBJC_ISA_USAGE = YES_ERROR;
				CLANG_WARN_DOCUMENTATION_COMMENTS = YES;
				CLANG_WARN_EMPTY_BODY = YES;
				CLANG_WARN_ENUM_CONVERSION = YES;
				CLANG_WARN_INFINITE_RECURSION = YES;
				CLANG_WARN_INT_CONVERSION = YES;
				CLANG_WARN_OBJC_ROOT_CLASS = YES_ERROR;
				CLANG_WARN_SUSPICIOUS_MOVE = YES;
				CLANG_WARN_UNREACHABLE_CODE = YES;
				CLANG_WARN__DUPLICATE_METHOD_MATCH = YES;
				CODE_SIGN_IDENTITY = "-";
				COPY_PHASE_STRIP = NO;
				DEBUG_INFORMATION_FORMAT = dwarf;
				ENABLE_STRICT_OBJC_MSGSEND = YES;
				ENABLE_TESTABILITY = YES;
				GCC_C_LANGUAGE_STANDARD = gnu99;
				GCC_DYNAMIC_NO_PIC = NO;
				GCC_NO_COMMON_BLOCKS = YES;
				GCC_OPTIMIZATION_LEVEL = 0;
				GCC_PREPROCESSOR_DEFINITIONS = (
					"DEBUG=1",
					"$(inherited)",
				);
				GCC_WARN_64_TO_32_BIT_CONVERSION = YES;
				GCC_WARN_ABOUT_RETURN_TYPE = YES_ERROR;
				GCC_WARN_UNDECLARED_SELECTOR = YES;
				GCC_WARN_UNINITIALIZED_AUTOS = YES_AGGRESSIVE;
				GCC_WARN_UNUSED_FUNCTION = YES;
				GCC_WARN_UNUSED_VARIABLE = YES;
				MACOSX_DEPLOYMENT_TARGET = 10.12;
				MTL_ENABLE_DEBUG_INFO = YES;
				ONLY_ACTIVE_ARCH = YES;
				SDKROOT = macosx;
			};
			name = Debug;
		};
		6ECAA6801E7DE51A00106525 /* Release */ = {
			isa = XCBuildConfiguration;
			buildSettings = {
				ALWAYS_SEARCH_USER_PATHS = NO;
				CLANG_ANALYZER_NONNULL = YES;
				CLANG_CXX_LANGUAGE_STANDARD = "gnu++0x";
				CLANG_CXX_LIBRARY = "libc++";
				CLANG_ENABLE_MODULES = YES;
				CLANG_ENABLE_OBJC_ARC = YES;
				CLANG_WARN_BOOL_CONVERSION = YES;
				CLANG_WARN_CONSTANT_CONVERSION = YES;
				CLANG_WARN_DIRECT_OBJC_ISA_USAGE = YES_ERROR;
				CLANG_WARN_DOCUMENTATION_COMMENTS = YES;
				CLANG_WARN_EMPTY_BODY = YES;
				CLANG_WARN_ENUM_CONVERSION = YES;
				CLANG_WARN_INFINITE_RECURSION = YES;
				CLANG_WARN_INT_CONVERSION = YES;
				CLANG_WARN_OBJC_ROOT_CLASS = YES_ERROR;
				CLANG_WARN_SUSPICIOUS_MOVE = YES;
				CLANG_WARN_UNREACHABLE_CODE = YES;
				CLANG_WARN__DUPLICATE_METHOD_MATCH = YES;
				CODE_SIGN_IDENTITY = "-";
				COPY_PHASE_STRIP = NO;
				DEBUG_INFORMATION_FORMAT = "dwarf-with-dsym";
				ENABLE_NS_ASSERTIONS = NO;
				ENABLE_STRICT_OBJC_MSGSEND = YES;
				GCC_C_LANGUAGE_STANDARD = gnu99;
				GCC_NO_COMMON_BLOCKS = YES;
				GCC_WARN_64_TO_32_BIT_CONVERSION = YES;
				GCC_WARN_ABOUT_RETURN_TYPE = YES_ERROR;
				GCC_WARN_UNDECLARED_SELECTOR = YES;
				GCC_WARN_UNINITIALIZED_AUTOS = YES_AGGRESSIVE;
				GCC_WARN_UNUSED_FUNCTION = YES;
				GCC_WARN_UNUSED_VARIABLE = YES;
				MACOSX_DEPLOYMENT_TARGET = 10.12;
				MTL_ENABLE_DEBUG_INFO = NO;
				SDKROOT = macosx;
			};
			name = Release;
		};
		6ECAA6821E7DE51A00106525 /* Debug */ = {
			isa = XCBuildConfiguration;
			buildSettings = {
				DEVELOPMENT_TEAM = T3577A6TEY;
				PRODUCT_NAME = "$(TARGET_NAME)";
			};
			name = Debug;
		};
		6ECAA6831E7DE51A00106525 /* Release */ = {
			isa = XCBuildConfiguration;
			buildSettings = {
				DEVELOPMENT_TEAM = T3577A6TEY;
				PRODUCT_NAME = "$(TARGET_NAME)";
			};
			name = Release;
		};
/* End XCBuildConfiguration section */

/* Begin XCConfigurationList section */
		6ECAA6751E7DE51A00106525 /* Build configuration list for PBXProject "Zadatak19Cas5" */ = {
			isa = XCConfigurationList;
			buildConfigurations = (
				6ECAA67F1E7DE51A00106525 /* Debug */,
				6ECAA6801E7DE51A00106525 /* Release */,
			);
			defaultConfigurationIsVisible = 0;
			defaultConfigurationName = Release;
		};
		6ECAA6811E7DE51A00106525 /* Build configuration list for PBXNativeTarget "Zadatak19Cas5" */ = {
			isa = XCConfigurationList;
			buildConfigurations = (
				6ECAA6821E7DE51A00106525 /* Debug */,
				6ECAA6831E7DE51A00106525 /* Release */,
			);
			defaultConfigurationIsVisible = 0;
			defaultConfigurationName = Release;
		};
/* End XCConfigurationList section */
	};
	rootObject = 6ECAA6721E7DE51A00106525 /* Project object */;
}
