// !$*UTF8*$!
{
	archiveVersion = 1;
	classes = {
	};
	objectVersion = 46;
	objects = {

/* Begin PBXBuildFile section */
		6ECAA5B61E7DD28600106525 /* main.cpp in Sources */ = {isa = PBXBuildFile; fileRef = 6ECAA5B51E7DD28600106525 /* main.cpp */; };
/* End PBXBuildFile section */

/* Begin PBXCopyFilesBuildPhase section */
		6ECAA5B01E7DD28600106525 /* CopyFiles */ = {
			isa = PBXCopyFilesBuildPhase;
			buildActionMask = 2147483647;
			dstPath = /usr/share/man/man1/;
			dstSubfolderSpec = 0;
			files = (
			);
			runOnlyForDeploymentPostprocessing = 1;
		};
/* End PBXCopyFilesBuildPhase section */

/* Begin PBXFileReference section */
		6ECAA5B21E7DD28600106525 /* Zadatak11Cas3 */ = {isa = PBXFileReference; explicitFileType = "compiled.mach-o.executable"; includeInIndex = 0; path = Zadatak11Cas3; sourceTree = BUILT_PRODUCTS_DIR; };
		6ECAA5B51E7DD28600106525 /* main.cpp */ = {isa = PBXFileReference; lastKnownFileType = sourcecode.cpp.cpp; path = main.cpp; sourceTree = "<group>"; };
		6ECAA5BD1E7DD2D000106525 /* Krug.hpp */ = {isa = PBXFileReference; fileEncoding = 4; lastKnownFileType = sourcecode.cpp.h; path = Krug.hpp; sourceTree = "<group>"; };
		6ECAA5C31E7DD33400106525 /* Pravougaonik.hpp */ = {isa = PBXFileReference; fileEncoding = 4; lastKnownFileType = sourcecode.cpp.h; path = Pravougaonik.hpp; sourceTree = "<group>"; };
		6ECAA5C61E7DD35F00106525 /* Valjak.hpp */ = {isa = PBXFileReference; fileEncoding = 4; lastKnownFileType = sourcecode.cpp.h; path = Valjak.hpp; sourceTree = "<group>"; };
/* End PBXFileReference section */

/* Begin PBXFrameworksBuildPhase section */
		6ECAA5AF1E7DD28600106525 /* Frameworks */ = {
			isa = PBXFrameworksBuildPhase;
			buildActionMask = 2147483647;
			files = (
			);
			runOnlyForDeploymentPostprocessing = 0;
		};
/* End PBXFrameworksBuildPhase section */

/* Begin PBXGroup section */
		6ECAA5A91E7DD28600106525 = {
			isa = PBXGroup;
			children = (
				6ECAA5B41E7DD28600106525 /* Zadatak11Cas3 */,
				6ECAA5B31E7DD28600106525 /* Products */,
			);
			sourceTree = "<group>";
		};
		6ECAA5B31E7DD28600106525 /* Products */ = {
			isa = PBXGroup;
			children = (
				6ECAA5B21E7DD28600106525 /* Zadatak11Cas3 */,
			);
			name = Products;
			sourceTree = "<group>";
		};
		6ECAA5B41E7DD28600106525 /* Zadatak11Cas3 */ = {
			isa = PBXGroup;
			children = (
				6ECAA5BD1E7DD2D000106525 /* Krug.hpp */,
				6ECAA5C31E7DD33400106525 /* Pravougaonik.hpp */,
				6ECAA5C61E7DD35F00106525 /* Valjak.hpp */,
				6ECAA5B51E7DD28600106525 /* main.cpp */,
			);
			path = Zadatak11Cas3;
			sourceTree = "<group>";
		};
/* End PBXGroup section */

/* Begin PBXNativeTarget section */
		6ECAA5B11E7DD28600106525 /* Zadatak11Cas3 */ = {
			isa = PBXNativeTarget;
			buildConfigurationList = 6ECAA5B91E7DD28600106525 /* Build configuration list for PBXNativeTarget "Zadatak11Cas3" */;
			buildPhases = (
				6ECAA5AE1E7DD28600106525 /* Sources */,
				6ECAA5AF1E7DD28600106525 /* Frameworks */,
				6ECAA5B01E7DD28600106525 /* CopyFiles */,
			);
			buildRules = (
			);
			dependencies = (
			);
			name = Zadatak11Cas3;
			productName = Zadatak11Cas3;
			productReference = 6ECAA5B21E7DD28600106525 /* Zadatak11Cas3 */;
			productType = "com.apple.product-type.tool";
		};
/* End PBXNativeTarget section */

/* Begin PBXProject section */
		6ECAA5AA1E7DD28600106525 /* Project object */ = {
			isa = PBXProject;
			attributes = {
				LastUpgradeCheck = 0820;
				ORGANIZATIONNAME = "Milovan Tomasevic";
				TargetAttributes = {
					6ECAA5B11E7DD28600106525 = {
						CreatedOnToolsVersion = 8.2.1;
						DevelopmentTeam = T3577A6TEY;
						ProvisioningStyle = Automatic;
					};
				};
			};
			buildConfigurationList = 6ECAA5AD1E7DD28600106525 /* Build configuration list for PBXProject "Zadatak11Cas3" */;
			compatibilityVersion = "Xcode 3.2";
			developmentRegion = English;
			hasScannedForEncodings = 0;
			knownRegions = (
				en,
			);
			mainGroup = 6ECAA5A91E7DD28600106525;
			productRefGroup = 6ECAA5B31E7DD28600106525 /* Products */;
			projectDirPath = "";
			projectRoot = "";
			targets = (
				6ECAA5B11E7DD28600106525 /* Zadatak11Cas3 */,
			);
		};
/* End PBXProject section */

/* Begin PBXSourcesBuildPhase section */
		6ECAA5AE1E7DD28600106525 /* Sources */ = {
			isa = PBXSourcesBuildPhase;
			buildActionMask = 2147483647;
			files = (
				6ECAA5B61E7DD28600106525 /* main.cpp in Sources */,
			);
			runOnlyForDeploymentPostprocessing = 0;
		};
/* End PBXSourcesBuildPhase section */

/* Begin XCBuildConfiguration section */
		6ECAA5B71E7DD28600106525 /* Debug */ = {
			isa = XCBuildConfiguration;
			buildSettings = {
				ALWAYS_SEARCH_USER_PATHS = NO;
				CLANG_ANALYZER_NONNULL = YES;
				CLANG_CXX_LANGUAGE_STANDARD = "gnu++0x";
				CLANG_CXX_LIBRARY = "libc++";
				CLANG_ENABLE_MODULES = YES;
				CLANG_ENABLE_OBJC_ARC = YES;
				CLANG_WARN_BOOL_CONVERSION = YES;
				CLANG_WARN_CONSTANT_CONVERSION = YES;
				CLANG_WARN_DIRECT_OBJC_ISA_USAGE = YES_ERROR;
				CLANG_WARN_DOCUMENTATION_COMMENTS = YES;
				CLANG_WARN_EMPTY_BODY = YES;
				CLANG_WARN_ENUM_CONVERSION = YES;
				CLANG_WARN_INFINITE_RECURSION = YES;
				CLANG_WARN_INT_CONVERSION = YES;
				CLANG_WARN_OBJC_ROOT_CLASS = YES_ERROR;
				CLANG_WARN_SUSPICIOUS_MOVE = YES;
				CLANG_WARN_UNREACHABLE_CODE = YES;
				CLANG_WARN__DUPLICATE_METHOD_MATCH = YES;
				CODE_SIGN_IDENTITY = "-";
				COPY_PHASE_STRIP = NO;
				DEBUG_INFORMATION_FORMAT = dwarf;
				ENABLE_STRICT_OBJC_MSGSEND = YES;
				ENABLE_TESTABILITY = YES;
				GCC_C_LANGUAGE_STANDARD = gnu99;
				GCC_DYNAMIC_NO_PIC = NO;
				GCC_NO_COMMON_BLOCKS = YES;
				GCC_OPTIMIZATION_LEVEL = 0;
				GCC_PREPROCESSOR_DEFINITIONS = (
					"DEBUG=1",
					"$(inherited)",
				);
				GCC_WARN_64_TO_32_BIT_CONVERSION = YES;
				GCC_WARN_ABOUT_RETURN_TYPE = YES_ERROR;
				GCC_WARN_UNDECLARED_SELECTOR = YES;
				GCC_WARN_UNINITIALIZED_AUTOS = YES_AGGRESSIVE;
				GCC_WARN_UNUSED_FUNCTION = YES;
				GCC_WARN_UNUSED_VARIABLE = YES;
				MACOSX_DEPLOYMENT_TARGET = 10.12;
				MTL_ENABLE_DEBUG_INFO = YES;
				ONLY_ACTIVE_ARCH = YES;
				SDKROOT = macosx;
			};
			name = Debug;
		};
		6ECAA5B81E7DD28600106525 /* Release */ = {
			isa = XCBuildConfiguration;
			buildSettings = {
				ALWAYS_SEARCH_USER_PATHS = NO;
				CLANG_ANALYZER_NONNULL = YES;
				CLANG_CXX_LANGUAGE_STANDARD = "gnu++0x";
				CLANG_CXX_LIBRARY = "libc++";
				CLANG_ENABLE_MODULES = YES;
				CLANG_ENABLE_OBJC_ARC = YES;
				CLANG_WARN_BOOL_CONVERSION = YES;
				CLANG_WARN_CONSTANT_CONVERSION = YES;
				CLANG_WARN_DIRECT_OBJC_ISA_USAGE = YES_ERROR;
				CLANG_WARN_DOCUMENTATION_COMMENTS = YES;
				CLANG_WARN_EMPTY_BODY = YES;
				CLANG_WARN_ENUM_CONVERSION = YES;
				CLANG_WARN_INFINITE_RECURSION = YES;
				CLANG_WARN_INT_CONVERSION = YES;
				CLANG_WARN_OBJC_ROOT_CLASS = YES_ERROR;
				CLANG_WARN_SUSPICIOUS_MOVE = YES;
				CLANG_WARN_UNREACHABLE_CODE = YES;
				CLANG_WARN__DUPLICATE_METHOD_MATCH = YES;
				CODE_SIGN_IDENTITY = "-";
				COPY_PHASE_STRIP = NO;
				DEBUG_INFORMATION_FORMAT = "dwarf-with-dsym";
				ENABLE_NS_ASSERTIONS = NO;
				ENABLE_STRICT_OBJC_MSGSEND = YES;
				GCC_C_LANGUAGE_STANDARD = gnu99;
				GCC_NO_COMMON_BLOCKS = YES;
				GCC_WARN_64_TO_32_BIT_CONVERSION = YES;
				GCC_WARN_ABOUT_RETURN_TYPE = YES_ERROR;
				GCC_WARN_UNDECLARED_SELECTOR = YES;
				GCC_WARN_UNINITIALIZED_AUTOS = YES_AGGRESSIVE;
				GCC_WARN_UNUSED_FUNCTION = YES;
				GCC_WARN_UNUSED_VARIABLE = YES;
				MACOSX_DEPLOYMENT_TARGET = 10.12;
				MTL_ENABLE_DEBUG_INFO = NO;
				SDKROOT = macosx;
			};
			name = Release;
		};
		6ECAA5BA1E7DD28600106525 /* Debug */ = {
			isa = XCBuildConfiguration;
			buildSettings = {
				DEVELOPMENT_TEAM = T3577A6TEY;
				PRODUCT_NAME = "$(TARGET_NAME)";
			};
			name = Debug;
		};
		6ECAA5BB1E7DD28600106525 /* Release */ = {
			isa = XCBuildConfiguration;
			buildSettings = {
				DEVELOPMENT_TEAM = T3577A6TEY;
				PRODUCT_NAME = "$(TARGET_NAME)";
			};
			name = Release;
		};
/* End XCBuildConfiguration section */

/* Begin XCConfigurationList section */
		6ECAA5AD1E7DD28600106525 /* Build configuration list for PBXProject "Zadatak11Cas3" */ = {
			isa = XCConfigurationList;
			buildConfigurations = (
				6ECAA5B71E7DD28600106525 /* Debug */,
				6ECAA5B81E7DD28600106525 /* Release */,
			);
			defaultConfigurationIsVisible = 0;
			defaultConfigurationName = Release;
		};
		6ECAA5B91E7DD28600106525 /* Build configuration list for PBXNativeTarget "Zadatak11Cas3" */ = {
			isa = XCConfigurationList;
			buildConfigurations = (
				6ECAA5BA1E7DD28600106525 /* Debug */,
				6ECAA5BB1E7DD28600106525 /* Release */,
			);
			defaultConfigurationIsVisible = 0;
			defaultConfigurationName = Release;
		};
/* End XCConfigurationList section */
	};
	rootObject = 6ECAA5AA1E7DD28600106525 /* Project object */;
}
