// !$*UTF8*$!
{
	archiveVersion = 1;
	classes = {
	};
	objectVersion = 46;
	objects = {

/* Begin PBXBuildFile section */
		6E341D991E7DFF76007EC30D /* main.cpp in Sources */ = {isa = PBXBuildFile; fileRef = 6E341D981E7DFF76007EC30D /* main.cpp */; };
		6E341DA61E7DFFA0007EC30D /* dinstring.cpp in Sources */ = {isa = PBXBuildFile; fileRef = 6E341D9F1E7DFFA0007EC30D /* dinstring.cpp */; };
/* End PBXBuildFile section */

/* Begin PBXCopyFilesBuildPhase section */
		6E341D931E7DFF76007EC30D /* CopyFiles */ = {
			isa = PBXCopyFilesBuildPhase;
			buildActionMask = 2147483647;
			dstPath = /usr/share/man/man1/;
			dstSubfolderSpec = 0;
			files = (
			);
			runOnlyForDeploymentPostprocessing = 1;
		};
/* End PBXCopyFilesBuildPhase section */

/* Begin PBXFileReference section */
		6E341D951E7DFF76007EC30D /* Zadatak28Cas8 */ = {isa = PBXFileReference; explicitFileType = "compiled.mach-o.executable"; includeInIndex = 0; path = Zadatak28Cas8; sourceTree = BUILT_PRODUCTS_DIR; };
		6E341D981E7DFF76007EC30D /* main.cpp */ = {isa = PBXFileReference; lastKnownFileType = sourcecode.cpp.cpp; path = main.cpp; sourceTree = "<group>"; };
		6E341D9F1E7DFFA0007EC30D /* dinstring.cpp */ = {isa = PBXFileReference; fileEncoding = 4; lastKnownFileType = sourcecode.cpp.cpp; path = dinstring.cpp; sourceTree = "<group>"; };
		6E341DA01E7DFFA0007EC30D /* dinstring.hpp */ = {isa = PBXFileReference; fileEncoding = 4; lastKnownFileType = sourcecode.cpp.h; path = dinstring.hpp; sourceTree = "<group>"; };
		6E341DA11E7DFFA0007EC30D /* kolokvijum.hpp */ = {isa = PBXFileReference; fileEncoding = 4; lastKnownFileType = sourcecode.cpp.h; path = kolokvijum.hpp; sourceTree = "<group>"; };
		6E341DA21E7DFFA0007EC30D /* list.hpp */ = {isa = PBXFileReference; fileEncoding = 4; lastKnownFileType = sourcecode.cpp.h; path = list.hpp; sourceTree = "<group>"; };
		6E341DA31E7DFFA0007EC30D /* predmet.hpp */ = {isa = PBXFileReference; fileEncoding = 4; lastKnownFileType = sourcecode.cpp.h; path = predmet.hpp; sourceTree = "<group>"; };
		6E341DA41E7DFFA0007EC30D /* student.hpp */ = {isa = PBXFileReference; fileEncoding = 4; lastKnownFileType = sourcecode.cpp.h; path = student.hpp; sourceTree = "<group>"; };
		6E341DA51E7DFFA0007EC30D /* test.hpp */ = {isa = PBXFileReference; fileEncoding = 4; lastKnownFileType = sourcecode.cpp.h; path = test.hpp; sourceTree = "<group>"; };
/* End PBXFileReference section */

/* Begin PBXFrameworksBuildPhase section */
		6E341D921E7DFF76007EC30D /* Frameworks */ = {
			isa = PBXFrameworksBuildPhase;
			buildActionMask = 2147483647;
			files = (
			);
			runOnlyForDeploymentPostprocessing = 0;
		};
/* End PBXFrameworksBuildPhase section */

/* Begin PBXGroup section */
		6E341D8C1E7DFF76007EC30D = {
			isa = PBXGroup;
			children = (
				6E341D971E7DFF76007EC30D /* Zadatak28Cas8 */,
				6E341D961E7DFF76007EC30D /* Products */,
			);
			sourceTree = "<group>";
		};
		6E341D961E7DFF76007EC30D /* Products */ = {
			isa = PBXGroup;
			children = (
				6E341D951E7DFF76007EC30D /* Zadatak28Cas8 */,
			);
			name = Products;
			sourceTree = "<group>";
		};
		6E341D971E7DFF76007EC30D /* Zadatak28Cas8 */ = {
			isa = PBXGroup;
			children = (
				6E341DA01E7DFFA0007EC30D /* dinstring.hpp */,
				6E341D9F1E7DFFA0007EC30D /* dinstring.cpp */,
				6E341DA21E7DFFA0007EC30D /* list.hpp */,
				6E341DA41E7DFFA0007EC30D /* student.hpp */,
				6E341DA51E7DFFA0007EC30D /* test.hpp */,
				6E341DA11E7DFFA0007EC30D /* kolokvijum.hpp */,
				6E341DA31E7DFFA0007EC30D /* predmet.hpp */,
				6E341D981E7DFF76007EC30D /* main.cpp */,
			);
			path = Zadatak28Cas8;
			sourceTree = "<group>";
		};
/* End PBXGroup section */

/* Begin PBXNativeTarget section */
		6E341D941E7DFF76007EC30D /* Zadatak28Cas8 */ = {
			isa = PBXNativeTarget;
			buildConfigurationList = 6E341D9C1E7DFF76007EC30D /* Build configuration list for PBXNativeTarget "Zadatak28Cas8" */;
			buildPhases = (
				6E341D911E7DFF76007EC30D /* Sources */,
				6E341D921E7DFF76007EC30D /* Frameworks */,
				6E341D931E7DFF76007EC30D /* CopyFiles */,
			);
			buildRules = (
			);
			dependencies = (
			);
			name = Zadatak28Cas8;
			productName = Zadatak28Cas8;
			productReference = 6E341D951E7DFF76007EC30D /* Zadatak28Cas8 */;
			productType = "com.apple.product-type.tool";
		};
/* End PBXNativeTarget section */

/* Begin PBXProject section */
		6E341D8D1E7DFF76007EC30D /* Project object */ = {
			isa = PBXProject;
			attributes = {
				LastUpgradeCheck = 0820;
				ORGANIZATIONNAME = "Milovan Tomasevic";
				TargetAttributes = {
					6E341D941E7DFF76007EC30D = {
						CreatedOnToolsVersion = 8.2.1;
						DevelopmentTeam = T3577A6TEY;
						ProvisioningStyle = Automatic;
					};
				};
			};
			buildConfigurationList = 6E341D901E7DFF76007EC30D /* Build configuration list for PBXProject "Zadatak28Cas8" */;
			compatibilityVersion = "Xcode 3.2";
			developmentRegion = English;
			hasScannedForEncodings = 0;
			knownRegions = (
				en,
			);
			mainGroup = 6E341D8C1E7DFF76007EC30D;
			productRefGroup = 6E341D961E7DFF76007EC30D /* Products */;
			projectDirPath = "";
			projectRoot = "";
			targets = (
				6E341D941E7DFF76007EC30D /* Zadatak28Cas8 */,
			);
		};
/* End PBXProject section */

/* Begin PBXSourcesBuildPhase section */
		6E341D911E7DFF76007EC30D /* Sources */ = {
			isa = PBXSourcesBuildPhase;
			buildActionMask = 2147483647;
			files = (
				6E341DA61E7DFFA0007EC30D /* dinstring.cpp in Sources */,
				6E341D991E7DFF76007EC30D /* main.cpp in Sources */,
			);
			runOnlyForDeploymentPostprocessing = 0;
		};
/* End PBXSourcesBuildPhase section */

/* Begin XCBuildConfiguration section */
		6E341D9A1E7DFF76007EC30D /* Debug */ = {
			isa = XCBuildConfiguration;
			buildSettings = {
				ALWAYS_SEARCH_USER_PATHS = NO;
				CLANG_ANALYZER_NONNULL = YES;
				CLANG_CXX_LANGUAGE_STANDARD = "gnu++0x";
				CLANG_CXX_LIBRARY = "libc++";
				CLANG_ENABLE_MODULES = YES;
				CLANG_ENABLE_OBJC_ARC = YES;
				CLANG_WARN_BOOL_CONVERSION = YES;
				CLANG_WARN_CONSTANT_CONVERSION = YES;
				CLANG_WARN_DIRECT_OBJC_ISA_USAGE = YES_ERROR;
				CLANG_WARN_DOCUMENTATION_COMMENTS = YES;
				CLANG_WARN_EMPTY_BODY = YES;
				CLANG_WARN_ENUM_CONVERSION = YES;
				CLANG_WARN_INFINITE_RECURSION = YES;
				CLANG_WARN_INT_CONVERSION = YES;
				CLANG_WARN_OBJC_ROOT_CLASS = YES_ERROR;
				CLANG_WARN_SUSPICIOUS_MOVE = YES;
				CLANG_WARN_UNREACHABLE_CODE = YES;
				CLANG_WARN__DUPLICATE_METHOD_MATCH = YES;
				CODE_SIGN_IDENTITY = "-";
				COPY_PHASE_STRIP = NO;
				DEBUG_INFORMATION_FORMAT = dwarf;
				ENABLE_STRICT_OBJC_MSGSEND = YES;
				ENABLE_TESTABILITY = YES;
				GCC_C_LANGUAGE_STANDARD = gnu99;
				GCC_DYNAMIC_NO_PIC = NO;
				GCC_NO_COMMON_BLOCKS = YES;
				GCC_OPTIMIZATION_LEVEL = 0;
				GCC_PREPROCESSOR_DEFINITIONS = (
					"DEBUG=1",
					"$(inherited)",
				);
				GCC_WARN_64_TO_32_BIT_CONVERSION = YES;
				GCC_WARN_ABOUT_RETURN_TYPE = YES_ERROR;
				GCC_WARN_UNDECLARED_SELECTOR = YES;
				GCC_WARN_UNINITIALIZED_AUTOS = YES_AGGRESSIVE;
				GCC_WARN_UNUSED_FUNCTION = YES;
				GCC_WARN_UNUSED_VARIABLE = YES;
				MACOSX_DEPLOYMENT_TARGET = 10.12;
				MTL_ENABLE_DEBUG_INFO = YES;
				ONLY_ACTIVE_ARCH = YES;
				SDKROOT = macosx;
			};
			name = Debug;
		};
		6E341D9B1E7DFF76007EC30D /* Release */ = {
			isa = XCBuildConfiguration;
			buildSettings = {
				ALWAYS_SEARCH_USER_PATHS = NO;
				CLANG_ANALYZER_NONNULL = YES;
				CLANG_CXX_LANGUAGE_STANDARD = "gnu++0x";
				CLANG_CXX_LIBRARY = "libc++";
				CLANG_ENABLE_MODULES = YES;
				CLANG_ENABLE_OBJC_ARC = YES;
				CLANG_WARN_BOOL_CONVERSION = YES;
				CLANG_WARN_CONSTANT_CONVERSION = YES;
				CLANG_WARN_DIRECT_OBJC_ISA_USAGE = YES_ERROR;
				CLANG_WARN_DOCUMENTATION_COMMENTS = YES;
				CLANG_WARN_EMPTY_BODY = YES;
				CLANG_WARN_ENUM_CONVERSION = YES;
				CLANG_WARN_INFINITE_RECURSION = YES;
				CLANG_WARN_INT_CONVERSION = YES;
				CLANG_WARN_OBJC_ROOT_CLASS = YES_ERROR;
				CLANG_WARN_SUSPICIOUS_MOVE = YES;
				CLANG_WARN_UNREACHABLE_CODE = YES;
				CLANG_WARN__DUPLICATE_METHOD_MATCH = YES;
				CODE_SIGN_IDENTITY = "-";
				COPY_PHASE_STRIP = NO;
				DEBUG_INFORMATION_FORMAT = "dwarf-with-dsym";
				ENABLE_NS_ASSERTIONS = NO;
				ENABLE_STRICT_OBJC_MSGSEND = YES;
				GCC_C_LANGUAGE_STANDARD = gnu99;
				GCC_NO_COMMON_BLOCKS = YES;
				GCC_WARN_64_TO_32_BIT_CONVERSION = YES;
				GCC_WARN_ABOUT_RETURN_TYPE = YES_ERROR;
				GCC_WARN_UNDECLARED_SELECTOR = YES;
				GCC_WARN_UNINITIALIZED_AUTOS = YES_AGGRESSIVE;
				GCC_WARN_UNUSED_FUNCTION = YES;
				GCC_WARN_UNUSED_VARIABLE = YES;
				MACOSX_DEPLOYMENT_TARGET = 10.12;
				MTL_ENABLE_DEBUG_INFO = NO;
				SDKROOT = macosx;
			};
			name = Release;
		};
		6E341D9D1E7DFF76007EC30D /* Debug */ = {
			isa = XCBuildConfiguration;
			buildSettings = {
				DEVELOPMENT_TEAM = T3577A6TEY;
				PRODUCT_NAME = "$(TARGET_NAME)";
			};
			name = Debug;
		};
		6E341D9E1E7DFF76007EC30D /* Release */ = {
			isa = XCBuildConfiguration;
			buildSettings = {
				DEVELOPMENT_TEAM = T3577A6TEY;
				PRODUCT_NAME = "$(TARGET_NAME)";
			};
			name = Release;
		};
/* End XCBuildConfiguration section */

/* Begin XCConfigurationList section */
		6E341D901E7DFF76007EC30D /* Build configuration list for PBXProject "Zadatak28Cas8" */ = {
			isa = XCConfigurationList;
			buildConfigurations = (
				6E341D9A1E7DFF76007EC30D /* Debug */,
				6E341D9B1E7DFF76007EC30D /* Release */,
			);
			defaultConfigurationIsVisible = 0;
			defaultConfigurationName = Release;
		};
		6E341D9C1E7DFF76007EC30D /* Build configuration list for PBXNativeTarget "Zadatak28Cas8" */ = {
			isa = XCConfigurationList;
			buildConfigurations = (
				6E341D9D1E7DFF76007EC30D /* Debug */,
				6E341D9E1E7DFF76007EC30D /* Release */,
			);
			defaultConfigurationIsVisible = 0;
			defaultConfigurationName = Release;
		};
/* End XCConfigurationList section */
	};
	rootObject = 6E341D8D1E7DFF76007EC30D /* Project object */;
}
