// !$*UTF8*$!
{
	archiveVersion = 1;
	classes = {
	};
	objectVersion = 46;
	objects = {

/* Begin PBXBuildFile section */
		6ECAA7431E7DF35200106525 /* main.cpp in Sources */ = {isa = PBXBuildFile; fileRef = 6ECAA7421E7DF35200106525 /* main.cpp */; };
/* End PBXBuildFile section */

/* Begin PBXCopyFilesBuildPhase section */
		6ECAA73D1E7DF35200106525 /* CopyFiles */ = {
			isa = PBXCopyFilesBuildPhase;
			buildActionMask = 2147483647;
			dstPath = /usr/share/man/man1/;
			dstSubfolderSpec = 0;
			files = (
			);
			runOnlyForDeploymentPostprocessing = 1;
		};
/* End PBXCopyFilesBuildPhase section */

/* Begin PBXFileReference section */
		6ECAA73F1E7DF35200106525 /* Zadatak25Cas7 */ = {isa = PBXFileReference; explicitFileType = "compiled.mach-o.executable"; includeInIndex = 0; path = Zadatak25Cas7; sourceTree = BUILT_PRODUCTS_DIR; };
		6ECAA7421E7DF35200106525 /* main.cpp */ = {isa = PBXFileReference; lastKnownFileType = sourcecode.cpp.cpp; path = main.cpp; sourceTree = "<group>"; };
		6ECAA74A1E7DF3D700106525 /* trezor.hpp */ = {isa = PBXFileReference; fileEncoding = 4; lastKnownFileType = sourcecode.cpp.h; path = trezor.hpp; sourceTree = "<group>"; };
		6ECAA74D1E7DF40700106525 /* dijamant.hpp */ = {isa = PBXFileReference; fileEncoding = 4; lastKnownFileType = sourcecode.cpp.h; path = dijamant.hpp; sourceTree = "<group>"; };
		6EF56FA51E85D44B00D42B43 /* Objasnjenje.jpg */ = {isa = PBXFileReference; lastKnownFileType = image.jpeg; name = Objasnjenje.jpg; path = Zadatak25Cas7/Objasnjenje.jpg; sourceTree = "<group>"; };
/* End PBXFileReference section */

/* Begin PBXFrameworksBuildPhase section */
		6ECAA73C1E7DF35200106525 /* Frameworks */ = {
			isa = PBXFrameworksBuildPhase;
			buildActionMask = 2147483647;
			files = (
			);
			runOnlyForDeploymentPostprocessing = 0;
		};
/* End PBXFrameworksBuildPhase section */

/* Begin PBXGroup section */
		6ECAA7361E7DF35200106525 = {
			isa = PBXGroup;
			children = (
				6ECAA7411E7DF35200106525 /* Zadatak25Cas7 */,
				6ECAA7401E7DF35200106525 /* Products */,
				6EF56FA51E85D44B00D42B43 /* Objasnjenje.jpg */,
			);
			sourceTree = "<group>";
		};
		6ECAA7401E7DF35200106525 /* Products */ = {
			isa = PBXGroup;
			children = (
				6ECAA73F1E7DF35200106525 /* Zadatak25Cas7 */,
			);
			name = Products;
			sourceTree = "<group>";
		};
		6ECAA7411E7DF35200106525 /* Zadatak25Cas7 */ = {
			isa = PBXGroup;
			children = (
				6ECAA74A1E7DF3D700106525 /* trezor.hpp */,
				6ECAA74D1E7DF40700106525 /* dijamant.hpp */,
				6ECAA7421E7DF35200106525 /* main.cpp */,
			);
			path = Zadatak25Cas7;
			sourceTree = "<group>";
		};
/* End PBXGroup section */

/* Begin PBXNativeTarget section */
		6ECAA73E1E7DF35200106525 /* Zadatak25Cas7 */ = {
			isa = PBXNativeTarget;
			buildConfigurationList = 6ECAA7461E7DF35200106525 /* Build configuration list for PBXNativeTarget "Zadatak25Cas7" */;
			buildPhases = (
				6ECAA73B1E7DF35200106525 /* Sources */,
				6ECAA73C1E7DF35200106525 /* Frameworks */,
				6ECAA73D1E7DF35200106525 /* CopyFiles */,
			);
			buildRules = (
			);
			dependencies = (
			);
			name = Zadatak25Cas7;
			productName = Zadatak25Cas7;
			productReference = 6ECAA73F1E7DF35200106525 /* Zadatak25Cas7 */;
			productType = "com.apple.product-type.tool";
		};
/* End PBXNativeTarget section */

/* Begin PBXProject section */
		6ECAA7371E7DF35200106525 /* Project object */ = {
			isa = PBXProject;
			attributes = {
				LastUpgradeCheck = 0820;
				ORGANIZATIONNAME = "Milovan Tomasevic";
				TargetAttributes = {
					6ECAA73E1E7DF35200106525 = {
						CreatedOnToolsVersion = 8.2.1;
						DevelopmentTeam = T3577A6TEY;
						ProvisioningStyle = Automatic;
					};
				};
			};
			buildConfigurationList = 6ECAA73A1E7DF35200106525 /* Build configuration list for PBXProject "Zadatak25Cas7" */;
			compatibilityVersion = "Xcode 3.2";
			developmentRegion = English;
			hasScannedForEncodings = 0;
			knownRegions = (
				en,
			);
			mainGroup = 6ECAA7361E7DF35200106525;
			productRefGroup = 6ECAA7401E7DF35200106525 /* Products */;
			projectDirPath = "";
			projectRoot = "";
			targets = (
				6ECAA73E1E7DF35200106525 /* Zadatak25Cas7 */,
			);
		};
/* End PBXProject section */

/* Begin PBXSourcesBuildPhase section */
		6ECAA73B1E7DF35200106525 /* Sources */ = {
			isa = PBXSourcesBuildPhase;
			buildActionMask = 2147483647;
			files = (
				6ECAA7431E7DF35200106525 /* main.cpp in Sources */,
			);
			runOnlyForDeploymentPostprocessing = 0;
		};
/* End PBXSourcesBuildPhase section */

/* Begin XCBuildConfiguration section */
		6ECAA7441E7DF35200106525 /* Debug */ = {
			isa = XCBuildConfiguration;
			buildSettings = {
				ALWAYS_SEARCH_USER_PATHS = NO;
				CLANG_ANALYZER_NONNULL = YES;
				CLANG_CXX_LANGUAGE_STANDARD = "gnu++0x";
				CLANG_CXX_LIBRARY = "libc++";
				CLANG_ENABLE_MODULES = YES;
				CLANG_ENABLE_OBJC_ARC = YES;
				CLANG_WARN_BOOL_CONVERSION = YES;
				CLANG_WARN_CONSTANT_CONVERSION = YES;
				CLANG_WARN_DIRECT_OBJC_ISA_USAGE = YES_ERROR;
				CLANG_WARN_DOCUMENTATION_COMMENTS = YES;
				CLANG_WARN_EMPTY_BODY = YES;
				CLANG_WARN_ENUM_CONVERSION = YES;
				CLANG_WARN_INFINITE_RECURSION = YES;
				CLANG_WARN_INT_CONVERSION = YES;
				CLANG_WARN_OBJC_ROOT_CLASS = YES_ERROR;
				CLANG_WARN_SUSPICIOUS_MOVE = YES;
				CLANG_WARN_UNREACHABLE_CODE = YES;
				CLANG_WARN__DUPLICATE_METHOD_MATCH = YES;
				CODE_SIGN_IDENTITY = "-";
				COPY_PHASE_STRIP = NO;
				DEBUG_INFORMATION_FORMAT = dwarf;
				ENABLE_STRICT_OBJC_MSGSEND = YES;
				ENABLE_TESTABILITY = YES;
				GCC_C_LANGUAGE_STANDARD = gnu99;
				GCC_DYNAMIC_NO_PIC = NO;
				GCC_NO_COMMON_BLOCKS = YES;
				GCC_OPTIMIZATION_LEVEL = 0;
				GCC_PREPROCESSOR_DEFINITIONS = (
					"DEBUG=1",
					"$(inherited)",
				);
				GCC_WARN_64_TO_32_BIT_CONVERSION = YES;
				GCC_WARN_ABOUT_RETURN_TYPE = YES_ERROR;
				GCC_WARN_UNDECLARED_SELECTOR = YES;
				GCC_WARN_UNINITIALIZED_AUTOS = YES_AGGRESSIVE;
				GCC_WARN_UNUSED_FUNCTION = YES;
				GCC_WARN_UNUSED_VARIABLE = YES;
				MACOSX_DEPLOYMENT_TARGET = 10.12;
				MTL_ENABLE_DEBUG_INFO = YES;
				ONLY_ACTIVE_ARCH = YES;
				SDKROOT = macosx;
			};
			name = Debug;
		};
		6ECAA7451E7DF35200106525 /* Release */ = {
			isa = XCBuildConfiguration;
			buildSettings = {
				ALWAYS_SEARCH_USER_PATHS = NO;
				CLANG_ANALYZER_NONNULL = YES;
				CLANG_CXX_LANGUAGE_STANDARD = "gnu++0x";
				CLANG_CXX_LIBRARY = "libc++";
				CLANG_ENABLE_MODULES = YES;
				CLANG_ENABLE_OBJC_ARC = YES;
				CLANG_WARN_BOOL_CONVERSION = YES;
				CLANG_WARN_CONSTANT_CONVERSION = YES;
				CLANG_WARN_DIRECT_OBJC_ISA_USAGE = YES_ERROR;
				CLANG_WARN_DOCUMENTATION_COMMENTS = YES;
				CLANG_WARN_EMPTY_BODY = YES;
				CLANG_WARN_ENUM_CONVERSION = YES;
				CLANG_WARN_INFINITE_RECURSION = YES;
				CLANG_WARN_INT_CONVERSION = YES;
				CLANG_WARN_OBJC_ROOT_CLASS = YES_ERROR;
				CLANG_WARN_SUSPICIOUS_MOVE = YES;
				CLANG_WARN_UNREACHABLE_CODE = YES;
				CLANG_WARN__DUPLICATE_METHOD_MATCH = YES;
				CODE_SIGN_IDENTITY = "-";
				COPY_PHASE_STRIP = NO;
				DEBUG_INFORMATION_FORMAT = "dwarf-with-dsym";
				ENABLE_NS_ASSERTIONS = NO;
				ENABLE_STRICT_OBJC_MSGSEND = YES;
				GCC_C_LANGUAGE_STANDARD = gnu99;
				GCC_NO_COMMON_BLOCKS = YES;
				GCC_WARN_64_TO_32_BIT_CONVERSION = YES;
				GCC_WARN_ABOUT_RETURN_TYPE = YES_ERROR;
				GCC_WARN_UNDECLARED_SELECTOR = YES;
				GCC_WARN_UNINITIALIZED_AUTOS = YES_AGGRESSIVE;
				GCC_WARN_UNUSED_FUNCTION = YES;
				GCC_WARN_UNUSED_VARIABLE = YES;
				MACOSX_DEPLOYMENT_TARGET = 10.12;
				MTL_ENABLE_DEBUG_INFO = NO;
				SDKROOT = macosx;
			};
			name = Release;
		};
		6ECAA7471E7DF35200106525 /* Debug */ = {
			isa = XCBuildConfiguration;
			buildSettings = {
				DEVELOPMENT_TEAM = T3577A6TEY;
				PRODUCT_NAME = "$(TARGET_NAME)";
			};
			name = Debug;
		};
		6ECAA7481E7DF35200106525 /* Release */ = {
			isa = XCBuildConfiguration;
			buildSettings = {
				DEVELOPMENT_TEAM = T3577A6TEY;
				PRODUCT_NAME = "$(TARGET_NAME)";
			};
			name = Release;
		};
/* End XCBuildConfiguration section */

/* Begin XCConfigurationList section */
		6ECAA73A1E7DF35200106525 /* Build configuration list for PBXProject "Zadatak25Cas7" */ = {
			isa = XCConfigurationList;
			buildConfigurations = (
				6ECAA7441E7DF35200106525 /* Debug */,
				6ECAA7451E7DF35200106525 /* Release */,
			);
			defaultConfigurationIsVisible = 0;
			defaultConfigurationName = Release;
		};
		6ECAA7461E7DF35200106525 /* Build configuration list for PBXNativeTarget "Zadatak25Cas7" */ = {
			isa = XCConfigurationList;
			buildConfigurations = (
				6ECAA7471E7DF35200106525 /* Debug */,
				6ECAA7481E7DF35200106525 /* Release */,
			);
			defaultConfigurationIsVisible = 0;
			defaultConfigurationName = Release;
		};
/* End XCConfigurationList section */
	};
	rootObject = 6ECAA7371E7DF35200106525 /* Project object */;
}
