// !$*UTF8*$!
{
	archiveVersion = 1;
	classes = {
	};
	objectVersion = 46;
	objects = {

/* Begin PBXBuildFile section */
		6EB94CB71E83806C005AB170 /* main.cpp in Sources */ = {isa = PBXBuildFile; fileRef = 6EB94CB61E83806C005AB170 /* main.cpp */; };
		6EB94CBF1E8380E4005AB170 /* Digitron.cpp in Sources */ = {isa = PBXBuildFile; fileRef = 6EB94CBD1E8380E4005AB170 /* Digitron.cpp */; };
/* End PBXBuildFile section */

/* Begin PBXCopyFilesBuildPhase section */
		6EB94CB11E83806C005AB170 /* CopyFiles */ = {
			isa = PBXCopyFilesBuildPhase;
			buildActionMask = 2147483647;
			dstPath = /usr/share/man/man1/;
			dstSubfolderSpec = 0;
			files = (
			);
			runOnlyForDeploymentPostprocessing = 1;
		};
/* End PBXCopyFilesBuildPhase section */

/* Begin PBXFileReference section */
		6EB94CB31E83806C005AB170 /* Zadatak14Cas4 */ = {isa = PBXFileReference; explicitFileType = "compiled.mach-o.executable"; includeInIndex = 0; path = Zadatak14Cas4; sourceTree = BUILT_PRODUCTS_DIR; };
		6EB94CB61E83806C005AB170 /* main.cpp */ = {isa = PBXFileReference; lastKnownFileType = sourcecode.cpp.cpp; path = main.cpp; sourceTree = "<group>"; };
		6EB94CBD1E8380E4005AB170 /* Digitron.cpp */ = {isa = PBXFileReference; fileEncoding = 4; lastKnownFileType = sourcecode.cpp.cpp; path = Digitron.cpp; sourceTree = "<group>"; };
		6EB94CBE1E8380E4005AB170 /* Digitron.hpp */ = {isa = PBXFileReference; fileEncoding = 4; lastKnownFileType = sourcecode.cpp.h; path = Digitron.hpp; sourceTree = "<group>"; };
/* End PBXFileReference section */

/* Begin PBXFrameworksBuildPhase section */
		6EB94CB01E83806C005AB170 /* Frameworks */ = {
			isa = PBXFrameworksBuildPhase;
			buildActionMask = 2147483647;
			files = (
			);
			runOnlyForDeploymentPostprocessing = 0;
		};
/* End PBXFrameworksBuildPhase section */

/* Begin PBXGroup section */
		6EB94CAA1E83806C005AB170 = {
			isa = PBXGroup;
			children = (
				6EB94CB51E83806C005AB170 /* Zadatak14Cas4 */,
				6EB94CB41E83806C005AB170 /* Products */,
			);
			sourceTree = "<group>";
		};
		6EB94CB41E83806C005AB170 /* Products */ = {
			isa = PBXGroup;
			children = (
				6EB94CB31E83806C005AB170 /* Zadatak14Cas4 */,
			);
			name = Products;
			sourceTree = "<group>";
		};
		6EB94CB51E83806C005AB170 /* Zadatak14Cas4 */ = {
			isa = PBXGroup;
			children = (
				6EB94CB61E83806C005AB170 /* main.cpp */,
				6EB94CBD1E8380E4005AB170 /* Digitron.cpp */,
				6EB94CBE1E8380E4005AB170 /* Digitron.hpp */,
			);
			path = Zadatak14Cas4;
			sourceTree = "<group>";
		};
/* End PBXGroup section */

/* Begin PBXNativeTarget section */
		6EB94CB21E83806C005AB170 /* Zadatak14Cas4 */ = {
			isa = PBXNativeTarget;
			buildConfigurationList = 6EB94CBA1E83806C005AB170 /* Build configuration list for PBXNativeTarget "Zadatak14Cas4" */;
			buildPhases = (
				6EB94CAF1E83806C005AB170 /* Sources */,
				6EB94CB01E83806C005AB170 /* Frameworks */,
				6EB94CB11E83806C005AB170 /* CopyFiles */,
			);
			buildRules = (
			);
			dependencies = (
			);
			name = Zadatak14Cas4;
			productName = Zadatak14Cas4;
			productReference = 6EB94CB31E83806C005AB170 /* Zadatak14Cas4 */;
			productType = "com.apple.product-type.tool";
		};
/* End PBXNativeTarget section */

/* Begin PBXProject section */
		6EB94CAB1E83806C005AB170 /* Project object */ = {
			isa = PBXProject;
			attributes = {
				LastUpgradeCheck = 0820;
				ORGANIZATIONNAME = "Milovan Tomasevic";
				TargetAttributes = {
					6EB94CB21E83806C005AB170 = {
						CreatedOnToolsVersion = 8.2.1;
						DevelopmentTeam = T3577A6TEY;
						ProvisioningStyle = Automatic;
					};
				};
			};
			buildConfigurationList = 6EB94CAE1E83806C005AB170 /* Build configuration list for PBXProject "Zadatak14Cas4" */;
			compatibilityVersion = "Xcode 3.2";
			developmentRegion = English;
			hasScannedForEncodings = 0;
			knownRegions = (
				en,
			);
			mainGroup = 6EB94CAA1E83806C005AB170;
			productRefGroup = 6EB94CB41E83806C005AB170 /* Products */;
			projectDirPath = "";
			projectRoot = "";
			targets = (
				6EB94CB21E83806C005AB170 /* Zadatak14Cas4 */,
			);
		};
/* End PBXProject section */

/* Begin PBXSourcesBuildPhase section */
		6EB94CAF1E83806C005AB170 /* Sources */ = {
			isa = PBXSourcesBuildPhase;
			buildActionMask = 2147483647;
			files = (
				6EB94CB71E83806C005AB170 /* main.cpp in Sources */,
				6EB94CBF1E8380E4005AB170 /* Digitron.cpp in Sources */,
			);
			runOnlyForDeploymentPostprocessing = 0;
		};
/* End PBXSourcesBuildPhase section */

/* Begin XCBuildConfiguration section */
		6EB94CB81E83806C005AB170 /* Debug */ = {
			isa = XCBuildConfiguration;
			buildSettings = {
				ALWAYS_SEARCH_USER_PATHS = NO;
				CLANG_ANALYZER_NONNULL = YES;
				CLANG_CXX_LANGUAGE_STANDARD = "gnu++0x";
				CLANG_CXX_LIBRARY = "libc++";
				CLANG_ENABLE_MODULES = YES;
				CLANG_ENABLE_OBJC_ARC = YES;
				CLANG_WARN_BOOL_CONVERSION = YES;
				CLANG_WARN_CONSTANT_CONVERSION = YES;
				CLANG_WARN_DIRECT_OBJC_ISA_USAGE = YES_ERROR;
				CLANG_WARN_DOCUMENTATION_COMMENTS = YES;
				CLANG_WARN_EMPTY_BODY = YES;
				CLANG_WARN_ENUM_CONVERSION = YES;
				CLANG_WARN_INFINITE_RECURSION = YES;
				CLANG_WARN_INT_CONVERSION = YES;
				CLANG_WARN_OBJC_ROOT_CLASS = YES_ERROR;
				CLANG_WARN_SUSPICIOUS_MOVE = YES;
				CLANG_WARN_UNREACHABLE_CODE = YES;
				CLANG_WARN__DUPLICATE_METHOD_MATCH = YES;
				CODE_SIGN_IDENTITY = "-";
				COPY_PHASE_STRIP = NO;
				DEBUG_INFORMATION_FORMAT = dwarf;
				ENABLE_STRICT_OBJC_MSGSEND = YES;
				ENABLE_TESTABILITY = YES;
				GCC_C_LANGUAGE_STANDARD = gnu99;
				GCC_DYNAMIC_NO_PIC = NO;
				GCC_NO_COMMON_BLOCKS = YES;
				GCC_OPTIMIZATION_LEVEL = 0;
				GCC_PREPROCESSOR_DEFINITIONS = (
					"DEBUG=1",
					"$(inherited)",
				);
				GCC_WARN_64_TO_32_BIT_CONVERSION = YES;
				GCC_WARN_ABOUT_RETURN_TYPE = YES_ERROR;
				GCC_WARN_UNDECLARED_SELECTOR = YES;
				GCC_WARN_UNINITIALIZED_AUTOS = YES_AGGRESSIVE;
				GCC_WARN_UNUSED_FUNCTION = YES;
				GCC_WARN_UNUSED_VARIABLE = YES;
				MACOSX_DEPLOYMENT_TARGET = 10.12;
				MTL_ENABLE_DEBUG_INFO = YES;
				ONLY_ACTIVE_ARCH = YES;
				SDKROOT = macosx;
			};
			name = Debug;
		};
		6EB94CB91E83806C005AB170 /* Release */ = {
			isa = XCBuildConfiguration;
			buildSettings = {
				ALWAYS_SEARCH_USER_PATHS = NO;
				CLANG_ANALYZER_NONNULL = YES;
				CLANG_CXX_LANGUAGE_STANDARD = "gnu++0x";
				CLANG_CXX_LIBRARY = "libc++";
				CLANG_ENABLE_MODULES = YES;
				CLANG_ENABLE_OBJC_ARC = YES;
				CLANG_WARN_BOOL_CONVERSION = YES;
				CLANG_WARN_CONSTANT_CONVERSION = YES;
				CLANG_WARN_DIRECT_OBJC_ISA_USAGE = YES_ERROR;
				CLANG_WARN_DOCUMENTATION_COMMENTS = YES;
				CLANG_WARN_EMPTY_BODY = YES;
				CLANG_WARN_ENUM_CONVERSION = YES;
				CLANG_WARN_INFINITE_RECURSION = YES;
				CLANG_WARN_INT_CONVERSION = YES;
				CLANG_WARN_OBJC_ROOT_CLASS = YES_ERROR;
				CLANG_WARN_SUSPICIOUS_MOVE = YES;
				CLANG_WARN_UNREACHABLE_CODE = YES;
				CLANG_WARN__DUPLICATE_METHOD_MATCH = YES;
				CODE_SIGN_IDENTITY = "-";
				COPY_PHASE_STRIP = NO;
				DEBUG_INFORMATION_FORMAT = "dwarf-with-dsym";
				ENABLE_NS_ASSERTIONS = NO;
				ENABLE_STRICT_OBJC_MSGSEND = YES;
				GCC_C_LANGUAGE_STANDARD = gnu99;
				GCC_NO_COMMON_BLOCKS = YES;
				GCC_WARN_64_TO_32_BIT_CONVERSION = YES;
				GCC_WARN_ABOUT_RETURN_TYPE = YES_ERROR;
				GCC_WARN_UNDECLARED_SELECTOR = YES;
				GCC_WARN_UNINITIALIZED_AUTOS = YES_AGGRESSIVE;
				GCC_WARN_UNUSED_FUNCTION = YES;
				GCC_WARN_UNUSED_VARIABLE = YES;
				MACOSX_DEPLOYMENT_TARGET = 10.12;
				MTL_ENABLE_DEBUG_INFO = NO;
				SDKROOT = macosx;
			};
			name = Release;
		};
		6EB94CBB1E83806C005AB170 /* Debug */ = {
			isa = XCBuildConfiguration;
			buildSettings = {
				DEVELOPMENT_TEAM = T3577A6TEY;
				PRODUCT_NAME = "$(TARGET_NAME)";
			};
			name = Debug;
		};
		6EB94CBC1E83806C005AB170 /* Release */ = {
			isa = XCBuildConfiguration;
			buildSettings = {
				DEVELOPMENT_TEAM = T3577A6TEY;
				PRODUCT_NAME = "$(TARGET_NAME)";
			};
			name = Release;
		};
/* End XCBuildConfiguration section */

/* Begin XCConfigurationList section */
		6EB94CAE1E83806C005AB170 /* Build configuration list for PBXProject "Zadatak14Cas4" */ = {
			isa = XCConfigurationList;
			buildConfigurations = (
				6EB94CB81E83806C005AB170 /* Debug */,
				6EB94CB91E83806C005AB170 /* Release */,
			);
			defaultConfigurationIsVisible = 0;
			defaultConfigurationName = Release;
		};
		6EB94CBA1E83806C005AB170 /* Build configuration list for PBXNativeTarget "Zadatak14Cas4" */ = {
			isa = XCConfigurationList;
			buildConfigurations = (
				6EB94CBB1E83806C005AB170 /* Debug */,
				6EB94CBC1E83806C005AB170 /* Release */,
			);
			defaultConfigurationIsVisible = 0;
		};
/* End XCConfigurationList section */
	};
	rootObject = 6EB94CAB1E83806C005AB170 /* Project object */;
}
