// !$*UTF8*$!
{
	archiveVersion = 1;
	classes = {
	};
	objectVersion = 46;
	objects = {

/* Begin PBXBuildFile section */
		6E7317801E7DACCB00B95439 /* main.cpp in Sources */ = {isa = PBXBuildFile; fileRef = 6E73177F1E7DACCB00B95439 /* main.cpp */; };
		6ECAA58C1E7DC03800106525 /* Machine.cpp in Sources */ = {isa = PBXBuildFile; fileRef = 6ECAA58A1E7DC03800106525 /* Machine.cpp */; };
/* End PBXBuildFile section */

/* Begin PBXCopyFilesBuildPhase section */
		6E73177A1E7DACCB00B95439 /* CopyFiles */ = {
			isa = PBXCopyFilesBuildPhase;
			buildActionMask = 2147483647;
			dstPath = /usr/share/man/man1/;
			dstSubfolderSpec = 0;
			files = (
			);
			runOnlyForDeploymentPostprocessing = 1;
		};
/* End PBXCopyFilesBuildPhase section */

/* Begin PBXFileReference section */
		6E73177C1E7DACCB00B95439 /* Zadatak8cas2 */ = {isa = PBXFileReference; explicitFileType = "compiled.mach-o.executable"; includeInIndex = 0; path = Zadatak8cas2; sourceTree = BUILT_PRODUCTS_DIR; };
		6E73177F1E7DACCB00B95439 /* main.cpp */ = {isa = PBXFileReference; lastKnownFileType = sourcecode.cpp.cpp; path = main.cpp; sourceTree = "<group>"; };
		6ECAA58A1E7DC03800106525 /* Machine.cpp */ = {isa = PBXFileReference; fileEncoding = 4; lastKnownFileType = sourcecode.cpp.cpp; path = Machine.cpp; sourceTree = "<group>"; };
		6ECAA58B1E7DC03800106525 /* Machine.hpp */ = {isa = PBXFileReference; fileEncoding = 4; lastKnownFileType = sourcecode.cpp.h; path = Machine.hpp; sourceTree = "<group>"; };
		6ECAA5911E7DCF8100106525 /* Slika zadatka.png */ = {isa = PBXFileReference; lastKnownFileType = image.png; path = "Slika zadatka.png"; sourceTree = "<group>"; };
/* End PBXFileReference section */

/* Begin PBXFrameworksBuildPhase section */
		6E7317791E7DACCB00B95439 /* Frameworks */ = {
			isa = PBXFrameworksBuildPhase;
			buildActionMask = 2147483647;
			files = (
			);
			runOnlyForDeploymentPostprocessing = 0;
		};
/* End PBXFrameworksBuildPhase section */

/* Begin PBXGroup section */
		6E7317731E7DACCB00B95439 = {
			isa = PBXGroup;
			children = (
				6E73177E1E7DACCB00B95439 /* Zadatak8cas2 */,
				6E73177D1E7DACCB00B95439 /* Products */,
				6ECAA5911E7DCF8100106525 /* Slika zadatka.png */,
			);
			sourceTree = "<group>";
		};
		6E73177D1E7DACCB00B95439 /* Products */ = {
			isa = PBXGroup;
			children = (
				6E73177C1E7DACCB00B95439 /* Zadatak8cas2 */,
			);
			name = Products;
			sourceTree = "<group>";
		};
		6E73177E1E7DACCB00B95439 /* Zadatak8cas2 */ = {
			isa = PBXGroup;
			children = (
				6ECAA58B1E7DC03800106525 /* Machine.hpp */,
				6ECAA58A1E7DC03800106525 /* Machine.cpp */,
				6E73177F1E7DACCB00B95439 /* main.cpp */,
			);
			path = Zadatak8cas2;
			sourceTree = "<group>";
		};
/* End PBXGroup section */

/* Begin PBXNativeTarget section */
		6E73177B1E7DACCB00B95439 /* Zadatak8cas2 */ = {
			isa = PBXNativeTarget;
			buildConfigurationList = 6E7317831E7DACCB00B95439 /* Build configuration list for PBXNativeTarget "Zadatak8cas2" */;
			buildPhases = (
				6E7317781E7DACCB00B95439 /* Sources */,
				6E7317791E7DACCB00B95439 /* Frameworks */,
				6E73177A1E7DACCB00B95439 /* CopyFiles */,
			);
			buildRules = (
			);
			dependencies = (
			);
			name = Zadatak8cas2;
			productName = Zadatak8cas2;
			productReference = 6E73177C1E7DACCB00B95439 /* Zadatak8cas2 */;
			productType = "com.apple.product-type.tool";
		};
/* End PBXNativeTarget section */

/* Begin PBXProject section */
		6E7317741E7DACCB00B95439 /* Project object */ = {
			isa = PBXProject;
			attributes = {
				LastUpgradeCheck = 0820;
				ORGANIZATIONNAME = "Milovan Tomasevic";
				TargetAttributes = {
					6E73177B1E7DACCB00B95439 = {
						CreatedOnToolsVersion = 8.2.1;
						DevelopmentTeam = T3577A6TEY;
						ProvisioningStyle = Automatic;
					};
				};
			};
			buildConfigurationList = 6E7317771E7DACCB00B95439 /* Build configuration list for PBXProject "Zadatak8cas2" */;
			compatibilityVersion = "Xcode 3.2";
			developmentRegion = English;
			hasScannedForEncodings = 0;
			knownRegions = (
				en,
			);
			mainGroup = 6E7317731E7DACCB00B95439;
			productRefGroup = 6E73177D1E7DACCB00B95439 /* Products */;
			projectDirPath = "";
			projectRoot = "";
			targets = (
				6E73177B1E7DACCB00B95439 /* Zadatak8cas2 */,
			);
		};
/* End PBXProject section */

/* Begin PBXSourcesBuildPhase section */
		6E7317781E7DACCB00B95439 /* Sources */ = {
			isa = PBXSourcesBuildPhase;
			buildActionMask = 2147483647;
			files = (
				6E7317801E7DACCB00B95439 /* main.cpp in Sources */,
				6ECAA58C1E7DC03800106525 /* Machine.cpp in Sources */,
			);
			runOnlyForDeploymentPostprocessing = 0;
		};
/* End PBXSourcesBuildPhase section */

/* Begin XCBuildConfiguration section */
		6E7317811E7DACCB00B95439 /* Debug */ = {
			isa = XCBuildConfiguration;
			buildSettings = {
				ALWAYS_SEARCH_USER_PATHS = NO;
				CLANG_ANALYZER_NONNULL = YES;
				CLANG_CXX_LANGUAGE_STANDARD = "gnu++0x";
				CLANG_CXX_LIBRARY = "libc++";
				CLANG_ENABLE_MODULES = YES;
				CLANG_ENABLE_OBJC_ARC = YES;
				CLANG_WARN_BOOL_CONVERSION = YES;
				CLANG_WARN_CONSTANT_CONVERSION = YES;
				CLANG_WARN_DIRECT_OBJC_ISA_USAGE = YES_ERROR;
				CLANG_WARN_DOCUMENTATION_COMMENTS = YES;
				CLANG_WARN_EMPTY_BODY = YES;
				CLANG_WARN_ENUM_CONVERSION = YES;
				CLANG_WARN_INFINITE_RECURSION = YES;
				CLANG_WARN_INT_CONVERSION = YES;
				CLANG_WARN_OBJC_ROOT_CLASS = YES_ERROR;
				CLANG_WARN_SUSPICIOUS_MOVE = YES;
				CLANG_WARN_UNREACHABLE_CODE = YES;
				CLANG_WARN__DUPLICATE_METHOD_MATCH = YES;
				CODE_SIGN_IDENTITY = "-";
				COPY_PHASE_STRIP = NO;
				DEBUG_INFORMATION_FORMAT = dwarf;
				ENABLE_STRICT_OBJC_MSGSEND = YES;
				ENABLE_TESTABILITY = YES;
				GCC_C_LANGUAGE_STANDARD = gnu99;
				GCC_DYNAMIC_NO_PIC = NO;
				GCC_NO_COMMON_BLOCKS = YES;
				GCC_OPTIMIZATION_LEVEL = 0;
				GCC_PREPROCESSOR_DEFINITIONS = (
					"DEBUG=1",
					"$(inherited)",
				);
				GCC_WARN_64_TO_32_BIT_CONVERSION = YES;
				GCC_WARN_ABOUT_RETURN_TYPE = YES_ERROR;
				GCC_WARN_UNDECLARED_SELECTOR = YES;
				GCC_WARN_UNINITIALIZED_AUTOS = YES_AGGRESSIVE;
				GCC_WARN_UNUSED_FUNCTION = YES;
				GCC_WARN_UNUSED_VARIABLE = YES;
				MACOSX_DEPLOYMENT_TARGET = 10.12;
				MTL_ENABLE_DEBUG_INFO = YES;
				ONLY_ACTIVE_ARCH = YES;
				SDKROOT = macosx;
			};
			name = Debug;
		};
		6E7317821E7DACCB00B95439 /* Release */ = {
			isa = XCBuildConfiguration;
			buildSettings = {
				ALWAYS_SEARCH_USER_PATHS = NO;
				CLANG_ANALYZER_NONNULL = YES;
				CLANG_CXX_LANGUAGE_STANDARD = "gnu++0x";
				CLANG_CXX_LIBRARY = "libc++";
				CLANG_ENABLE_MODULES = YES;
				CLANG_ENABLE_OBJC_ARC = YES;
				CLANG_WARN_BOOL_CONVERSION = YES;
				CLANG_WARN_CONSTANT_CONVERSION = YES;
				CLANG_WARN_DIRECT_OBJC_ISA_USAGE = YES_ERROR;
				CLANG_WARN_DOCUMENTATION_COMMENTS = YES;
				CLANG_WARN_EMPTY_BODY = YES;
				CLANG_WARN_ENUM_CONVERSION = YES;
				CLANG_WARN_INFINITE_RECURSION = YES;
				CLANG_WARN_INT_CONVERSION = YES;
				CLANG_WARN_OBJC_ROOT_CLASS = YES_ERROR;
				CLANG_WARN_SUSPICIOUS_MOVE = YES;
				CLANG_WARN_UNREACHABLE_CODE = YES;
				CLANG_WARN__DUPLICATE_METHOD_MATCH = YES;
				CODE_SIGN_IDENTITY = "-";
				COPY_PHASE_STRIP = NO;
				DEBUG_INFORMATION_FORMAT = "dwarf-with-dsym";
				ENABLE_NS_ASSERTIONS = NO;
				ENABLE_STRICT_OBJC_MSGSEND = YES;
				GCC_C_LANGUAGE_STANDARD = gnu99;
				GCC_NO_COMMON_BLOCKS = YES;
				GCC_WARN_64_TO_32_BIT_CONVERSION = YES;
				GCC_WARN_ABOUT_RETURN_TYPE = YES_ERROR;
				GCC_WARN_UNDECLARED_SELECTOR = YES;
				GCC_WARN_UNINITIALIZED_AUTOS = YES_AGGRESSIVE;
				GCC_WARN_UNUSED_FUNCTION = YES;
				GCC_WARN_UNUSED_VARIABLE = YES;
				MACOSX_DEPLOYMENT_TARGET = 10.12;
				MTL_ENABLE_DEBUG_INFO = NO;
				SDKROOT = macosx;
			};
			name = Release;
		};
		6E7317841E7DACCB00B95439 /* Debug */ = {
			isa = XCBuildConfiguration;
			buildSettings = {
				DEVELOPMENT_TEAM = T3577A6TEY;
				PRODUCT_NAME = "$(TARGET_NAME)";
			};
			name = Debug;
		};
		6E7317851E7DACCB00B95439 /* Release */ = {
			isa = XCBuildConfiguration;
			buildSettings = {
				DEVELOPMENT_TEAM = T3577A6TEY;
				PRODUCT_NAME = "$(TARGET_NAME)";
			};
			name = Release;
		};
/* End XCBuildConfiguration section */

/* Begin XCConfigurationList section */
		6E7317771E7DACCB00B95439 /* Build configuration list for PBXProject "Zadatak8cas2" */ = {
			isa = XCConfigurationList;
			buildConfigurations = (
				6E7317811E7DACCB00B95439 /* Debug */,
				6E7317821E7DACCB00B95439 /* Release */,
			);
			defaultConfigurationIsVisible = 0;
			defaultConfigurationName = Release;
		};
		6E7317831E7DACCB00B95439 /* Build configuration list for PBXNativeTarget "Zadatak8cas2" */ = {
			isa = XCConfigurationList;
			buildConfigurations = (
				6E7317841E7DACCB00B95439 /* Debug */,
				6E7317851E7DACCB00B95439 /* Release */,
			);
			defaultConfigurationIsVisible = 0;
			defaultConfigurationName = Release;
		};
/* End XCConfigurationList section */
	};
	rootObject = 6E7317741E7DACCB00B95439 /* Project object */;
}
